// !$*UTF8*$!
{
	archiveVersion = 1;
	classes = {
	};
	objectVersion = 50;
	objects = {

/* Begin PBXBuildFile section */
		5001327A24F588E5009C4223 /* WeatherExampleApp.swift in Sources */ = {isa = PBXBuildFile; fileRef = 5001327924F588E5009C4223 /* WeatherExampleApp.swift */; };
		5001327C24F588E5009C4223 /* ContentView.swift in Sources */ = {isa = PBXBuildFile; fileRef = 5001327B24F588E5009C4223 /* ContentView.swift */; };
		5001327E24F588E5009C4223 /* Assets.xcassets in Resources */ = {isa = PBXBuildFile; fileRef = 5001327D24F588E5009C4223 /* Assets.xcassets */; };
		5001328124F588E5009C4223 /* Preview Assets.xcassets in Resources */ = {isa = PBXBuildFile; fileRef = 5001328024F588E5009C4223 /* Preview Assets.xcassets */; };
		5001328F24F58F39009C4223 /* WidgetKit.framework in Frameworks */ = {isa = PBXBuildFile; fileRef = 5001328E24F58F39009C4223 /* WidgetKit.framework */; };
		5001329124F58F39009C4223 /* SwiftUI.framework in Frameworks */ = {isa = PBXBuildFile; fileRef = 5001329024F58F39009C4223 /* SwiftUI.framework */; };
		5001329624F58F3A009C4223 /* Assets.xcassets in Resources */ = {isa = PBXBuildFile; fileRef = 5001329524F58F3A009C4223 /* Assets.xcassets */; };
		5001329A24F58F3A009C4223 /* WeatherWidgetExtension.appex in Embed App Extensions */ = {isa = PBXBuildFile; fileRef = 5001328C24F58F39009C4223 /* WeatherWidgetExtension.appex */; settings = {ATTRIBUTES = (RemoveHeadersOnCopy, ); }; };
		500132A124F58F98009C4223 /* Weather.swift in Sources */ = {isa = PBXBuildFile; fileRef = 500132A024F58F98009C4223 /* Weather.swift */; };
		500132A324F58FC3009C4223 /* WeatherEntry.swift in Sources */ = {isa = PBXBuildFile; fileRef = 500132A224F58FC3009C4223 /* WeatherEntry.swift */; };
		500132A524F591FC009C4223 /* WeatherResponse.swift in Sources */ = {isa = PBXBuildFile; fileRef = 500132A424F591FC009C4223 /* WeatherResponse.swift */; };
		500132A824F59241009C4223 /* WeatherService.swift in Sources */ = {isa = PBXBuildFile; fileRef = 500132A724F59241009C4223 /* WeatherService.swift */; };
		500132AB24F59457009C4223 /* Date+Extensions.swift in Sources */ = {isa = PBXBuildFile; fileRef = 500132AA24F59457009C4223 /* Date+Extensions.swift */; };
		500132AD24F5949F009C4223 /* WeatherUtil.swift in Sources */ = {isa = PBXBuildFile; fileRef = 500132AC24F5949F009C4223 /* WeatherUtil.swift */; };
		500132B024F59758009C4223 /* DailyWeatherView.swift in Sources */ = {isa = PBXBuildFile; fileRef = 500132AF24F59758009C4223 /* DailyWeatherView.swift */; };
		500132B224F59765009C4223 /* PlaceholderView.swift in Sources */ = {isa = PBXBuildFile; fileRef = 500132B124F59765009C4223 /* PlaceholderView.swift */; };
		500132B424F59779009C4223 /* WeatherEntryView.swift in Sources */ = {isa = PBXBuildFile; fileRef = 500132B324F59779009C4223 /* WeatherEntryView.swift */; };
		500132B624F59786009C4223 /* WeatherView.swift in Sources */ = {isa = PBXBuildFile; fileRef = 500132B524F59786009C4223 /* WeatherView.swift */; };
		500132B924F5981F009C4223 /* WeatherTimeline.swift in Sources */ = {isa = PBXBuildFile; fileRef = 500132B824F5981F009C4223 /* WeatherTimeline.swift */; };
		500132BC24F59ADC009C4223 /* WeatherWidget.swift in Sources */ = {isa = PBXBuildFile; fileRef = 500132BA24F59837009C4223 /* WeatherWidget.swift */; };
		500132BF24F59AF4009C4223 /* WeatherTimeline.swift in Sources */ = {isa = PBXBuildFile; fileRef = 500132B824F5981F009C4223 /* WeatherTimeline.swift */; };
		500132C024F59AFE009C4223 /* PlaceholderView.swift in Sources */ = {isa = PBXBuildFile; fileRef = 500132B124F59765009C4223 /* PlaceholderView.swift */; };
		500132C124F59B07009C4223 /* WeatherEntryView.swift in Sources */ = {isa = PBXBuildFile; fileRef = 500132B324F59779009C4223 /* WeatherEntryView.swift */; };
		500132C224F59B1C009C4223 /* WeatherEntry.swift in Sources */ = {isa = PBXBuildFile; fileRef = 500132A224F58FC3009C4223 /* WeatherEntry.swift */; };
		500132C324F59B33009C4223 /* WeatherResponse.swift in Sources */ = {isa = PBXBuildFile; fileRef = 500132A424F591FC009C4223 /* WeatherResponse.swift */; };
		500132C424F59B38009C4223 /* Weather.swift in Sources */ = {isa = PBXBuildFile; fileRef = 500132A024F58F98009C4223 /* Weather.swift */; };
		500132C524F59B3B009C4223 /* WeatherService.swift in Sources */ = {isa = PBXBuildFile; fileRef = 500132A724F59241009C4223 /* WeatherService.swift */; };
		500132C624F59B3E009C4223 /* WeatherUtil.swift in Sources */ = {isa = PBXBuildFile; fileRef = 500132AC24F5949F009C4223 /* WeatherUtil.swift */; };
		500132C724F59B40009C4223 /* Date+Extensions.swift in Sources */ = {isa = PBXBuildFile; fileRef = 500132AA24F59457009C4223 /* Date+Extensions.swift */; };
		500132C824F59B43009C4223 /* WeatherView.swift in Sources */ = {isa = PBXBuildFile; fileRef = 500132B524F59786009C4223 /* WeatherView.swift */; };
		500132C924F59B4A009C4223 /* DailyWeatherView.swift in Sources */ = {isa = PBXBuildFile; fileRef = 500132AF24F59758009C4223 /* DailyWeatherView.swift */; };
		500132CE24F5BB1F009C4223 /* WeatherDetail.swift in Sources */ = {isa = PBXBuildFile; fileRef = 500132CD24F5BB1F009C4223 /* WeatherDetail.swift */; };
/* End PBXBuildFile section */

/* Begin PBXContainerItemProxy section */
		5001329824F58F3A009C4223 /* PBXContainerItemProxy */ = {
			isa = PBXContainerItemProxy;
			containerPortal = 5001326E24F588E5009C4223 /* Project object */;
			proxyType = 1;
			remoteGlobalIDString = 5001328B24F58F39009C4223;
			remoteInfo = WeatherWidgetExtension;
		};
/* End PBXContainerItemProxy section */

/* Begin PBXCopyFilesBuildPhase section */
		5001329E24F58F3A009C4223 /* Embed App Extensions */ = {
			isa = PBXCopyFilesBuildPhase;
			buildActionMask = 2147483647;
			dstPath = "";
			dstSubfolderSpec = 13;
			files = (
				5001329A24F58F3A009C4223 /* WeatherWidgetExtension.appex in Embed App Extensions */,
			);
			name = "Embed App Extensions";
			runOnlyForDeploymentPostprocessing = 0;
		};
/* End PBXCopyFilesBuildPhase section */

/* Begin PBXFileReference section */
		5001327624F588E5009C4223 /* WeatherExample.app */ = {isa = PBXFileReference; explicitFileType = wrapper.application; includeInIndex = 0; path = WeatherExample.app; sourceTree = BUILT_PRODUCTS_DIR; };
		5001327924F588E5009C4223 /* WeatherExampleApp.swift */ = {isa = PBXFileReference; lastKnownFileType = sourcecode.swift; path = WeatherExampleApp.swift; sourceTree = "<group>"; };
		5001327B24F588E5009C4223 /* ContentView.swift */ = {isa = PBXFileReference; lastKnownFileType = sourcecode.swift; path = ContentView.swift; sourceTree = "<group>"; };
		5001327D24F588E5009C4223 /* Assets.xcassets */ = {isa = PBXFileReference; lastKnownFileType = folder.assetcatalog; path = Assets.xcassets; sourceTree = "<group>"; };
		5001328024F588E5009C4223 /* Preview Assets.xcassets */ = {isa = PBXFileReference; lastKnownFileType = folder.assetcatalog; path = "Preview Assets.xcassets"; sourceTree = "<group>"; };
		5001328224F588E5009C4223 /* Info.plist */ = {isa = PBXFileReference; lastKnownFileType = text.plist.xml; path = Info.plist; sourceTree = "<group>"; };
		5001328C24F58F39009C4223 /* WeatherWidgetExtension.appex */ = {isa = PBXFileReference; explicitFileType = "wrapper.app-extension"; includeInIndex = 0; path = WeatherWidgetExtension.appex; sourceTree = BUILT_PRODUCTS_DIR; };
		5001328E24F58F39009C4223 /* WidgetKit.framework */ = {isa = PBXFileReference; lastKnownFileType = wrapper.framework; name = WidgetKit.framework; path = System/Library/Frameworks/WidgetKit.framework; sourceTree = SDKROOT; };
		5001329024F58F39009C4223 /* SwiftUI.framework */ = {isa = PBXFileReference; lastKnownFileType = wrapper.framework; name = SwiftUI.framework; path = System/Library/Frameworks/SwiftUI.framework; sourceTree = SDKROOT; };
		5001329524F58F3A009C4223 /* Assets.xcassets */ = {isa = PBXFileReference; lastKnownFileType = folder.assetcatalog; path = Assets.xcassets; sourceTree = "<group>"; };
		5001329724F58F3A009C4223 /* Info.plist */ = {isa = PBXFileReference; lastKnownFileType = text.plist.xml; path = Info.plist; sourceTree = "<group>"; };
		500132A024F58F98009C4223 /* Weather.swift */ = {isa = PBXFileReference; lastKnownFileType = sourcecode.swift; path = Weather.swift; sourceTree = "<group>"; };
		500132A224F58FC3009C4223 /* WeatherEntry.swift */ = {isa = PBXFileReference; lastKnownFileType = sourcecode.swift; path = WeatherEntry.swift; sourceTree = "<group>"; };
		500132A424F591FC009C4223 /* WeatherResponse.swift */ = {isa = PBXFileReference; lastKnownFileType = sourcecode.swift; path = WeatherResponse.swift; sourceTree = "<group>"; };
		500132A724F59241009C4223 /* WeatherService.swift */ = {isa = PBXFileReference; lastKnownFileType = sourcecode.swift; path = WeatherService.swift; sourceTree = "<group>"; };
		500132AA24F59457009C4223 /* Date+Extensions.swift */ = {isa = PBXFileReference; lastKnownFileType = sourcecode.swift; path = "Date+Extensions.swift"; sourceTree = "<group>"; };
		500132AC24F5949F009C4223 /* WeatherUtil.swift */ = {isa = PBXFileReference; lastKnownFileType = sourcecode.swift; path = WeatherUtil.swift; sourceTree = "<group>"; };
		500132AF24F59758009C4223 /* DailyWeatherView.swift */ = {isa = PBXFileReference; lastKnownFileType = sourcecode.swift; path = DailyWeatherView.swift; sourceTree = "<group>"; };
		500132B124F59765009C4223 /* PlaceholderView.swift */ = {isa = PBXFileReference; lastKnownFileType = sourcecode.swift; path = PlaceholderView.swift; sourceTree = "<group>"; };
		500132B324F59779009C4223 /* WeatherEntryView.swift */ = {isa = PBXFileReference; lastKnownFileType = sourcecode.swift; path = WeatherEntryView.swift; sourceTree = "<group>"; };
		500132B524F59786009C4223 /* WeatherView.swift */ = {isa = PBXFileReference; lastKnownFileType = sourcecode.swift; path = WeatherView.swift; sourceTree = "<group>"; };
		500132B824F5981F009C4223 /* WeatherTimeline.swift */ = {isa = PBXFileReference; lastKnownFileType = sourcecode.swift; path = WeatherTimeline.swift; sourceTree = "<group>"; };
		500132BA24F59837009C4223 /* WeatherWidget.swift */ = {isa = PBXFileReference; lastKnownFileType = sourcecode.swift; path = WeatherWidget.swift; sourceTree = "<group>"; };
		500132CD24F5BB1F009C4223 /* WeatherDetail.swift */ = {isa = PBXFileReference; lastKnownFileType = sourcecode.swift; path = WeatherDetail.swift; sourceTree = "<group>"; };
/* End PBXFileReference section */

/* Begin PBXFrameworksBuildPhase section */
		5001327324F588E5009C4223 /* Frameworks */ = {
			isa = PBXFrameworksBuildPhase;
			buildActionMask = 2147483647;
			files = (
			);
			runOnlyForDeploymentPostprocessing = 0;
		};
		5001328924F58F39009C4223 /* Frameworks */ = {
			isa = PBXFrameworksBuildPhase;
			buildActionMask = 2147483647;
			files = (
				5001329124F58F39009C4223 /* SwiftUI.framework in Frameworks */,
				5001328F24F58F39009C4223 /* WidgetKit.framework in Frameworks */,
			);
			runOnlyForDeploymentPostprocessing = 0;
		};
/* End PBXFrameworksBuildPhase section */

/* Begin PBXGroup section */
		5001326D24F588E5009C4223 = {
			isa = PBXGroup;
			children = (
				5001327824F588E5009C4223 /* WeatherExample */,
				5001329224F58F39009C4223 /* WeatherWidget */,
				5001328D24F58F39009C4223 /* Frameworks */,
				5001327724F588E5009C4223 /* Products */,
			);
			sourceTree = "<group>";
		};
		5001327724F588E5009C4223 /* Products */ = {
			isa = PBXGroup;
			children = (
				5001327624F588E5009C4223 /* WeatherExample.app */,
				5001328C24F58F39009C4223 /* WeatherWidgetExtension.appex */,
			);
			name = Products;
			sourceTree = "<group>";
		};
		5001327824F588E5009C4223 /* WeatherExample */ = {
			isa = PBXGroup;
			children = (
				5001327924F588E5009C4223 /* WeatherExampleApp.swift */,
				5001327B24F588E5009C4223 /* ContentView.swift */,
				500132CD24F5BB1F009C4223 /* WeatherDetail.swift */,
				5001327D24F588E5009C4223 /* Assets.xcassets */,
				5001328224F588E5009C4223 /* Info.plist */,
				5001327F24F588E5009C4223 /* Preview Content */,
			);
			path = WeatherExample;
			sourceTree = "<group>";
		};
		5001327F24F588E5009C4223 /* Preview Content */ = {
			isa = PBXGroup;
			children = (
				5001328024F588E5009C4223 /* Preview Assets.xcassets */,
			);
			path = "Preview Content";
			sourceTree = "<group>";
		};
		5001328D24F58F39009C4223 /* Frameworks */ = {
			isa = PBXGroup;
			children = (
				5001328E24F58F39009C4223 /* WidgetKit.framework */,
				5001329024F58F39009C4223 /* SwiftUI.framework */,
			);
			name = Frameworks;
			sourceTree = "<group>";
		};
		5001329224F58F39009C4223 /* WeatherWidget */ = {
			isa = PBXGroup;
			children = (
				500132B724F5980C009C4223 /* Widget */,
				500132AE24F59739009C4223 /* Views */,
				500132A924F59420009C4223 /* Utils */,
				500132A624F5921C009C4223 /* Service */,
				5001329F24F58F7E009C4223 /* Models */,
				5001329524F58F3A009C4223 /* Assets.xcassets */,
				5001329724F58F3A009C4223 /* Info.plist */,
			);
			path = WeatherWidget;
			sourceTree = "<group>";
		};
		5001329F24F58F7E009C4223 /* Models */ = {
			isa = PBXGroup;
			children = (
				500132A024F58F98009C4223 /* Weather.swift */,
				500132A224F58FC3009C4223 /* WeatherEntry.swift */,
				500132A424F591FC009C4223 /* WeatherResponse.swift */,
			);
			path = Models;
			sourceTree = "<group>";
		};
		500132A624F5921C009C4223 /* Service */ = {
			isa = PBXGroup;
			children = (
				500132A724F59241009C4223 /* WeatherService.swift */,
			);
			path = Service;
			sourceTree = "<group>";
		};
		500132A924F59420009C4223 /* Utils */ = {
			isa = PBXGroup;
			children = (
				500132AA24F59457009C4223 /* Date+Extensions.swift */,
				500132AC24F5949F009C4223 /* WeatherUtil.swift */,
			);
			path = Utils;
			sourceTree = "<group>";
		};
		500132AE24F59739009C4223 /* Views */ = {
			isa = PBXGroup;
			children = (
				500132AF24F59758009C4223 /* DailyWeatherView.swift */,
				500132B124F59765009C4223 /* PlaceholderView.swift */,
				500132B324F59779009C4223 /* WeatherEntryView.swift */,
				500132B524F59786009C4223 /* WeatherView.swift */,
			);
			path = Views;
			sourceTree = "<group>";
		};
		500132B724F5980C009C4223 /* Widget */ = {
			isa = PBXGroup;
			children = (
				500132B824F5981F009C4223 /* WeatherTimeline.swift */,
				500132BA24F59837009C4223 /* WeatherWidget.swift */,
			);
			path = Widget;
			sourceTree = "<group>";
		};
/* End PBXGroup section */

/* Begin PBXNativeTarget section */
		5001327524F588E5009C4223 /* WeatherExample */ = {
			isa = PBXNativeTarget;
			buildConfigurationList = 5001328524F588E5009C4223 /* Build configuration list for PBXNativeTarget "WeatherExample" */;
			buildPhases = (
				5001327224F588E5009C4223 /* Sources */,
				5001327324F588E5009C4223 /* Frameworks */,
				5001327424F588E5009C4223 /* Resources */,
				5001329E24F58F3A009C4223 /* Embed App Extensions */,
			);
			buildRules = (
			);
			dependencies = (
				5001329924F58F3A009C4223 /* PBXTargetDependency */,
			);
			name = WeatherExample;
			productName = WeatherExample;
			productReference = 5001327624F588E5009C4223 /* WeatherExample.app */;
			productType = "com.apple.product-type.application";
		};
		5001328B24F58F39009C4223 /* WeatherWidgetExtension */ = {
			isa = PBXNativeTarget;
			buildConfigurationList = 5001329B24F58F3A009C4223 /* Build configuration list for PBXNativeTarget "WeatherWidgetExtension" */;
			buildPhases = (
				5001328824F58F39009C4223 /* Sources */,
				5001328924F58F39009C4223 /* Frameworks */,
				5001328A24F58F39009C4223 /* Resources */,
			);
			buildRules = (
			);
			dependencies = (
			);
			name = WeatherWidgetExtension;
			productName = WeatherWidgetExtension;
			productReference = 5001328C24F58F39009C4223 /* WeatherWidgetExtension.appex */;
			productType = "com.apple.product-type.app-extension";
		};
/* End PBXNativeTarget section */

/* Begin PBXProject section */
		5001326E24F588E5009C4223 /* Project object */ = {
			isa = PBXProject;
			attributes = {
				LastSwiftUpdateCheck = 1200;
				LastUpgradeCheck = 1200;
				TargetAttributes = {
					5001327524F588E5009C4223 = {
						CreatedOnToolsVersion = 12.0;
					};
					5001328B24F58F39009C4223 = {
						CreatedOnToolsVersion = 12.0;
					};
				};
			};
			buildConfigurationList = 5001327124F588E5009C4223 /* Build configuration list for PBXProject "WeatherExample" */;
			compatibilityVersion = "Xcode 9.3";
			developmentRegion = en;
			hasScannedForEncodings = 0;
			knownRegions = (
				en,
				Base,
			);
			mainGroup = 5001326D24F588E5009C4223;
			productRefGroup = 5001327724F588E5009C4223 /* Products */;
			projectDirPath = "";
			projectRoot = "";
			targets = (
				5001327524F588E5009C4223 /* WeatherExample */,
				5001328B24F58F39009C4223 /* WeatherWidgetExtension */,
			);
		};
/* End PBXProject section */

/* Begin PBXResourcesBuildPhase section */
		5001327424F588E5009C4223 /* Resources */ = {
			isa = PBXResourcesBuildPhase;
			buildActionMask = 2147483647;
			files = (
				5001328124F588E5009C4223 /* Preview Assets.xcassets in Resources */,
				5001327E24F588E5009C4223 /* Assets.xcassets in Resources */,
			);
			runOnlyForDeploymentPostprocessing = 0;
		};
		5001328A24F58F39009C4223 /* Resources */ = {
			isa = PBXResourcesBuildPhase;
			buildActionMask = 2147483647;
			files = (
				5001329624F58F3A009C4223 /* Assets.xcassets in Resources */,
			);
			runOnlyForDeploymentPostprocessing = 0;
		};
/* End PBXResourcesBuildPhase section */

/* Begin PBXSourcesBuildPhase section */
		5001327224F588E5009C4223 /* Sources */ = {
			isa = PBXSourcesBuildPhase;
			buildActionMask = 2147483647;
			files = (
				5001327C24F588E5009C4223 /* ContentView.swift in Sources */,
				500132B924F5981F009C4223 /* WeatherTimeline.swift in Sources */,
				500132B024F59758009C4223 /* DailyWeatherView.swift in Sources */,
				500132A524F591FC009C4223 /* WeatherResponse.swift in Sources */,
				500132B624F59786009C4223 /* WeatherView.swift in Sources */,
				500132AD24F5949F009C4223 /* WeatherUtil.swift in Sources */,
				500132AB24F59457009C4223 /* Date+Extensions.swift in Sources */,
				500132A124F58F98009C4223 /* Weather.swift in Sources */,
				5001327A24F588E5009C4223 /* WeatherExampleApp.swift in Sources */,
				500132CE24F5BB1F009C4223 /* WeatherDetail.swift in Sources */,
				500132B424F59779009C4223 /* WeatherEntryView.swift in Sources */,
				500132A824F59241009C4223 /* WeatherService.swift in Sources */,
				500132B224F59765009C4223 /* PlaceholderView.swift in Sources */,
				500132A324F58FC3009C4223 /* WeatherEntry.swift in Sources */,
			);
			runOnlyForDeploymentPostprocessing = 0;
		};
		5001328824F58F39009C4223 /* Sources */ = {
			isa = PBXSourcesBuildPhase;
			buildActionMask = 2147483647;
			files = (
				500132C824F59B43009C4223 /* WeatherView.swift in Sources */,
				500132C524F59B3B009C4223 /* WeatherService.swift in Sources */,
				500132BC24F59ADC009C4223 /* WeatherWidget.swift in Sources */,
				500132C324F59B33009C4223 /* WeatherResponse.swift in Sources */,
				500132C724F59B40009C4223 /* Date+Extensions.swift in Sources */,
				500132BF24F59AF4009C4223 /* WeatherTimeline.swift in Sources */,
				500132C124F59B07009C4223 /* WeatherEntryView.swift in Sources */,
				500132C924F59B4A009C4223 /* DailyWeatherView.swift in Sources */,
				500132C624F59B3E009C4223 /* WeatherUtil.swift in Sources */,
				500132C024F59AFE009C4223 /* PlaceholderView.swift in Sources */,
				500132C224F59B1C009C4223 /* WeatherEntry.swift in Sources */,
				500132C424F59B38009C4223 /* Weather.swift in Sources */,
			);
			runOnlyForDeploymentPostprocessing = 0;
		};
/* End PBXSourcesBuildPhase section */

/* Begin PBXTargetDependency section */
		5001329924F58F3A009C4223 /* PBXTargetDependency */ = {
			isa = PBXTargetDependency;
			target = 5001328B24F58F39009C4223 /* WeatherWidgetExtension */;
			targetProxy = 5001329824F58F3A009C4223 /* PBXContainerItemProxy */;
		};
/* End PBXTargetDependency section */

/* Begin XCBuildConfiguration section */
		5001328324F588E5009C4223 /* Debug */ = {
			isa = XCBuildConfiguration;
			buildSettings = {
				ALWAYS_SEARCH_USER_PATHS = NO;
				CLANG_ANALYZER_NONNULL = YES;
				CLANG_ANALYZER_NUMBER_OBJECT_CONVERSION = YES_AGGRESSIVE;
				CLANG_CXX_LANGUAGE_STANDARD = "gnu++14";
				CLANG_CXX_LIBRARY = "libc++";
				CLANG_ENABLE_MODULES = YES;
				CLANG_ENABLE_OBJC_ARC = YES;
				CLANG_ENABLE_OBJC_WEAK = YES;
				CLANG_WARN_BLOCK_CAPTURE_AUTORELEASING = YES;
				CLANG_WARN_BOOL_CONVERSION = YES;
				CLANG_WARN_COMMA = YES;
				CLANG_WARN_CONSTANT_CONVERSION = YES;
				CLANG_WARN_DEPRECATED_OBJC_IMPLEMENTATIONS = YES;
				CLANG_WARN_DIRECT_OBJC_ISA_USAGE = YES_ERROR;
				CLANG_WARN_DOCUMENTATION_COMMENTS = YES;
				CLANG_WARN_EMPTY_BODY = YES;
				CLANG_WARN_ENUM_CONVERSION = YES;
				CLANG_WARN_INFINITE_RECURSION = YES;
				CLANG_WARN_INT_CONVERSION = YES;
				CLANG_WARN_NON_LITERAL_NULL_CONVERSION = YES;
				CLANG_WARN_OBJC_IMPLICIT_RETAIN_SELF = YES;
				CLANG_WARN_OBJC_LITERAL_CONVERSION = YES;
				CLANG_WARN_OBJC_ROOT_CLASS = YES_ERROR;
				CLANG_WARN_QUOTED_INCLUDE_IN_FRAMEWORK_HEADER = YES;
				CLANG_WARN_RANGE_LOOP_ANALYSIS = YES;
				CLANG_WARN_STRICT_PROTOTYPES = YES;
				CLANG_WARN_SUSPICIOUS_MOVE = YES;
				CLANG_WARN_UNGUARDED_AVAILABILITY = YES_AGGRESSIVE;
				CLANG_WARN_UNREACHABLE_CODE = YES;
				CLANG_WARN__DUPLICATE_METHOD_MATCH = YES;
				COPY_PHASE_STRIP = NO;
				DEBUG_INFORMATION_FORMAT = dwarf;
				ENABLE_STRICT_OBJC_MSGSEND = YES;
				ENABLE_TESTABILITY = YES;
				GCC_C_LANGUAGE_STANDARD = gnu11;
				GCC_DYNAMIC_NO_PIC = NO;
				GCC_NO_COMMON_BLOCKS = YES;
				GCC_OPTIMIZATION_LEVEL = 0;
				GCC_PREPROCESSOR_DEFINITIONS = (
					"DEBUG=1",
					"$(inherited)",
				);
				GCC_WARN_64_TO_32_BIT_CONVERSION = YES;
				GCC_WARN_ABOUT_RETURN_TYPE = YES_ERROR;
				GCC_WARN_UNDECLARED_SELECTOR = YES;
				GCC_WARN_UNINITIALIZED_AUTOS = YES_AGGRESSIVE;
				GCC_WARN_UNUSED_FUNCTION = YES;
				GCC_WARN_UNUSED_VARIABLE = YES;
				IPHONEOS_DEPLOYMENT_TARGET = 14.0;
				MTL_ENABLE_DEBUG_INFO = INCLUDE_SOURCE;
				MTL_FAST_MATH = YES;
				ONLY_ACTIVE_ARCH = YES;
				SDKROOT = iphoneos;
				SWIFT_ACTIVE_COMPILATION_CONDITIONS = DEBUG;
				SWIFT_OPTIMIZATION_LEVEL = "-Onone";
			};
			name = Debug;
		};
		5001328424F588E5009C4223 /* Release */ = {
			isa = XCBuildConfiguration;
			buildSettings = {
				ALWAYS_SEARCH_USER_PATHS = NO;
				CLANG_ANALYZER_NONNULL = YES;
				CLANG_ANALYZER_NUMBER_OBJECT_CONVERSION = YES_AGGRESSIVE;
				CLANG_CXX_LANGUAGE_STANDARD = "gnu++14";
				CLANG_CXX_LIBRARY = "libc++";
				CLANG_ENABLE_MODULES = YES;
				CLANG_ENABLE_OBJC_ARC = YES;
				CLANG_ENABLE_OBJC_WEAK = YES;
				CLANG_WARN_BLOCK_CAPTURE_AUTORELEASING = YES;
				CLANG_WARN_BOOL_CONVERSION = YES;
				CLANG_WARN_COMMA = YES;
				CLANG_WARN_CONSTANT_CONVERSION = YES;
				CLANG_WARN_DEPRECATED_OBJC_IMPLEMENTATIONS = YES;
				CLANG_WARN_DIRECT_OBJC_ISA_USAGE = YES_ERROR;
				CLANG_WARN_DOCUMENTATION_COMMENTS = YES;
				CLANG_WARN_EMPTY_BODY = YES;
				CLANG_WARN_ENUM_CONVERSION = YES;
				CLANG_WARN_INFINITE_RECURSION = YES;
				CLANG_WARN_INT_CONVERSION = YES;
				CLANG_WARN_NON_LITERAL_NULL_CONVERSION = YES;
				CLANG_WARN_OBJC_IMPLICIT_RETAIN_SELF = YES;
				CLANG_WARN_OBJC_LITERAL_CONVERSION = YES;
				CLANG_WARN_OBJC_ROOT_CLASS = YES_ERROR;
				CLANG_WARN_QUOTED_INCLUDE_IN_FRAMEWORK_HEADER = YES;
				CLANG_WARN_RANGE_LOOP_ANALYSIS = YES;
				CLANG_WARN_STRICT_PROTOTYPES = YES;
				CLANG_WARN_SUSPICIOUS_MOVE = YES;
				CLANG_WARN_UNGUARDED_AVAILABILITY = YES_AGGRESSIVE;
				CLANG_WARN_UNREACHABLE_CODE = YES;
				CLANG_WARN__DUPLICATE_METHOD_MATCH = YES;
				COPY_PHASE_STRIP = NO;
				DEBUG_INFORMATION_FORMAT = "dwarf-with-dsym";
				ENABLE_NS_ASSERTIONS = NO;
				ENABLE_STRICT_OBJC_MSGSEND = YES;
				GCC_C_LANGUAGE_STANDARD = gnu11;
				GCC_NO_COMMON_BLOCKS = YES;
				GCC_WARN_64_TO_32_BIT_CONVERSION = YES;
				GCC_WARN_ABOUT_RETURN_TYPE = YES_ERROR;
				GCC_WARN_UNDECLARED_SELECTOR = YES;
				GCC_WARN_UNINITIALIZED_AUTOS = YES_AGGRESSIVE;
				GCC_WARN_UNUSED_FUNCTION = YES;
				GCC_WARN_UNUSED_VARIABLE = YES;
				IPHONEOS_DEPLOYMENT_TARGET = 14.0;
				MTL_ENABLE_DEBUG_INFO = NO;
				MTL_FAST_MATH = YES;
				SDKROOT = iphoneos;
				SWIFT_COMPILATION_MODE = wholemodule;
				SWIFT_OPTIMIZATION_LEVEL = "-O";
				VALIDATE_PRODUCT = YES;
			};
			name = Release;
		};
		5001328624F588E5009C4223 /* Debug */ = {
			isa = XCBuildConfiguration;
			buildSettings = {
				ALWAYS_EMBED_SWIFT_STANDARD_LIBRARIES = YES;
				ASSETCATALOG_COMPILER_APPICON_NAME = AppIcon;
				ASSETCATALOG_COMPILER_GLOBAL_ACCENT_COLOR_NAME = AccentColor;
				CODE_SIGN_STYLE = Automatic;
				DEVELOPMENT_ASSET_PATHS = "\"WeatherExample/Preview Content\"";
				ENABLE_PREVIEWS = YES;
				INFOPLIST_FILE = WeatherExample/Info.plist;
				IPHONEOS_DEPLOYMENT_TARGET = 14.0;
				LD_RUNPATH_SEARCH_PATHS = (
					"$(inherited)",
					"@executable_path/Frameworks",
				);
				PRODUCT_BUNDLE_IDENTIFIER = com.solApp.WeatherExample;
				PRODUCT_NAME = "$(TARGET_NAME)";
				SWIFT_VERSION = 5.0;
				TARGETED_DEVICE_FAMILY = "1,2";
			};
			name = Debug;
		};
		5001328724F588E5009C4223 /* Release */ = {
			isa = XCBuildConfiguration;
			buildSettings = {
				ALWAYS_EMBED_SWIFT_STANDARD_LIBRARIES = YES;
				ASSETCATALOG_COMPILER_APPICON_NAME = AppIcon;
				ASSETCATALOG_COMPILER_GLOBAL_ACCENT_COLOR_NAME = AccentColor;
				CODE_SIGN_STYLE = Automatic;
				DEVELOPMENT_ASSET_PATHS = "\"WeatherExample/Preview Content\"";
				ENABLE_PREVIEWS = YES;
				INFOPLIST_FILE = WeatherExample/Info.plist;
				IPHONEOS_DEPLOYMENT_TARGET = 14.0;
				LD_RUNPATH_SEARCH_PATHS = (
					"$(inherited)",
					"@executable_path/Frameworks",
				);
				PRODUCT_BUNDLE_IDENTIFIER = com.solApp.WeatherExample;
				PRODUCT_NAME = "$(TARGET_NAME)";
				SWIFT_VERSION = 5.0;
				TARGETED_DEVICE_FAMILY = "1,2";
			};
			name = Release;
		};
		5001329C24F58F3A009C4223 /* Debug */ = {
			isa = XCBuildConfiguration;
			buildSettings = {
				ASSETCATALOG_COMPILER_GLOBAL_ACCENT_COLOR_NAME = AccentColor;
				ASSETCATALOG_COMPILER_WIDGET_BACKGROUND_COLOR_NAME = WidgetBackground;
				CODE_SIGN_STYLE = Automatic;
				INFOPLIST_FILE = WeatherWidget/Info.plist;
				LD_RUNPATH_SEARCH_PATHS = (
					"$(inherited)",
					"@executable_path/Frameworks",
					"@executable_path/../../Frameworks",
				);
				PRODUCT_BUNDLE_IDENTIFIER = com.solApp.WeatherExample.WeatherWidget;
				PRODUCT_NAME = "$(TARGET_NAME)";
				SKIP_INSTALL = YES;
				SWIFT_VERSION = 5.0;
				TARGETED_DEVICE_FAMILY = "1,2";
			};
			name = Debug;
		};
		5001329D24F58F3A009C4223 /* Release */ = {
			isa = XCBuildConfiguration;
			buildSettings = {
				ASSETCATALOG_COMPILER_GLOBAL_ACCENT_COLOR_NAME = AccentColor;
				ASSETCATALOG_COMPILER_WIDGET_BACKGROUND_COLOR_NAME = WidgetBackground;
				CODE_SIGN_STYLE = Automatic;
				INFOPLIST_FILE = WeatherWidget/Info.plist;
				LD_RUNPATH_SEARCH_PATHS = (
					"$(inherited)",
					"@executable_path/Frameworks",
					"@executable_path/../../Frameworks",
				);
				PRODUCT_BUNDLE_IDENTIFIER = com.solApp.WeatherExample.WeatherWidget;
				PRODUCT_NAME = "$(TARGET_NAME)";
				SKIP_INSTALL = YES;
				SWIFT_VERSION = 5.0;
				TARGETED_DEVICE_FAMILY = "1,2";
			};
			name = Release;
		};
/* End XCBuildConfiguration section */

/* Begin XCConfigurationList section */
		5001327124F588E5009C4223 /* Build configuration list for PBXProject "WeatherExample" */ = {
			isa = XCConfigurationList;
			buildConfigurations = (
				5001328324F588E5009C4223 /* Debug */,
				5001328424F588E5009C4223 /* Release */,
			);
			defaultConfigurationIsVisible = 0;
			defaultConfigurationName = Release;
		};
		5001328524F588E5009C4223 /* Build configuration list for PBXNativeTarget "WeatherExample" */ = {
			isa = XCConfigurationList;
			buildConfigurations = (
				5001328624F588E5009C4223 /* Debug */,
				5001328724F588E5009C4223 /* Release */,
			);
			defaultConfigurationIsVisible = 0;
			defaultConfigurationName = Release;
		};
		5001329B24F58F3A009C4223 /* Build configuration list for PBXNativeTarget "WeatherWidgetExtension" */ = {
			isa = XCConfigurationList;
			buildConfigurations = (
				5001329C24F58F3A009C4223 /* Debug */,
				5001329D24F58F3A009C4223 /* Release */,
			);
			defaultConfigurationIsVisible = 0;
			defaultConfigurationName = Release;
		};
/* End XCConfigurationList section */
	};
	rootObject = 5001326E24F588E5009C4223 /* Project object */;
}
